
Microsoft Visual Studio Solution File, Format Version 11.00
# Visual Studio 2010
Project("{FAE04EC0-301F-11D3-BF4B-00C04F79EFBC}") = "Talk It", "Talk It\Talk It.csproj", "{38F1FE29-75A2-4E0F-9AF8-A994383BD2EF}"
EndProject
Global
	GlobalSection(SolutionConfigurationPlatforms) = preSolution
		Debug|x86 = Debug|x86
		Release|x86 = Release|x86
	EndGlobalSection
	GlobalSection(ProjectConfigurationPlatforms) = postSolution
		{38F1FE29-75A2-4E0F-9AF8-A994383BD2EF}.Debug|x86.ActiveCfg = Debug|x86
		{38F1FE29-75A2-4E0F-9AF8-A994383BD2EF}.Debug|x86.Build.0 = Debug|x86
		{38F1FE29-75A2-4E0F-9AF8-A994383BD2EF}.Release|x86.ActiveCfg = Release|x86
		{38F1FE29-75A2-4E0F-9AF8-A994383BD2EF}.Release|x86.Build.0 = Release|x86
	EndGlobalSection
	GlobalSection(SolutionProperties) = preSolution
		HideSolutionNode = FALSE
	EndGlobalSection
EndGlobal
